// !$*UTF8*$!
{
	archiveVersion = 1;
	classes = {
	};
	objectVersion = 50;
	objects = {

/* Begin PBXBuildFile section */
		488DE9752464B2FF004E7E8D /* AppDelegate.swift in Sources */ = {isa = PBXBuildFile; fileRef = 488DE9742464B2FF004E7E8D /* AppDelegate.swift */; };
		488DE9772464B2FF004E7E8D /* SceneDelegate.swift in Sources */ = {isa = PBXBuildFile; fileRef = 488DE9762464B2FF004E7E8D /* SceneDelegate.swift */; };
		488DE9792464B2FF004E7E8D /* ViewController.swift in Sources */ = {isa = PBXBuildFile; fileRef = 488DE9782464B2FF004E7E8D /* ViewController.swift */; };
		488DE97C2464B2FF004E7E8D /* Main.storyboard in Resources */ = {isa = PBXBuildFile; fileRef = 488DE97A2464B2FF004E7E8D /* Main.storyboard */; };
		488DE97F2464B2FF004E7E8D /* Go_Pokemon_Go.xcdatamodeld in Sources */ = {isa = PBXBuildFile; fileRef = 488DE97D2464B2FF004E7E8D /* Go_Pokemon_Go.xcdatamodeld */; };
		488DE9812464B302004E7E8D /* Assets.xcassets in Resources */ = {isa = PBXBuildFile; fileRef = 488DE9802464B302004E7E8D /* Assets.xcassets */; };
		488DE9842464B302004E7E8D /* LaunchScreen.storyboard in Resources */ = {isa = PBXBuildFile; fileRef = 488DE9822464B302004E7E8D /* LaunchScreen.storyboard */; };
		488DE98C2464B6A5004E7E8D /* MapViewController.swift in Sources */ = {isa = PBXBuildFile; fileRef = 488DE98B2464B6A5004E7E8D /* MapViewController.swift */; };
		488DE98E2464B721004E7E8D /* PokedexViewController.swift in Sources */ = {isa = PBXBuildFile; fileRef = 488DE98D2464B721004E7E8D /* PokedexViewController.swift */; };
		488DE9902464BC90004E7E8D /* Pokemon.JPG in Resources */ = {isa = PBXBuildFile; fileRef = 488DE98F2464BC90004E7E8D /* Pokemon.JPG */; };
		488DE99224658AD6004E7E8D /* CoreDataHelper.swift in Sources */ = {isa = PBXBuildFile; fileRef = 488DE99124658AD6004E7E8D /* CoreDataHelper.swift */; };
		488DE9972465BD28004E7E8D /* PokeAnnotation.swift in Sources */ = {isa = PBXBuildFile; fileRef = 488DE9962465BD28004E7E8D /* PokeAnnotation.swift */; };
/* End PBXBuildFile section */

/* Begin PBXFileReference section */
		488DE9712464B2FF004E7E8D /* Go Pokemon Go.app */ = {isa = PBXFileReference; explicitFileType = wrapper.application; includeInIndex = 0; path = "Go Pokemon Go.app"; sourceTree = BUILT_PRODUCTS_DIR; };
		488DE9742464B2FF004E7E8D /* AppDelegate.swift */ = {isa = PBXFileReference; lastKnownFileType = sourcecode.swift; path = AppDelegate.swift; sourceTree = "<group>"; };
		488DE9762464B2FF004E7E8D /* SceneDelegate.swift */ = {isa = PBXFileReference; lastKnownFileType = sourcecode.swift; path = SceneDelegate.swift; sourceTree = "<group>"; };
		488DE9782464B2FF004E7E8D /* ViewController.swift */ = {isa = PBXFileReference; lastKnownFileType = sourcecode.swift; path = ViewController.swift; sourceTree = "<group>"; };
		488DE97B2464B2FF004E7E8D /* Base */ = {isa = PBXFileReference; lastKnownFileType = file.storyboard; name = Base; path = Base.lproj/Main.storyboard; sourceTree = "<group>"; };
		488DE97E2464B2FF004E7E8D /* Go_Pokemon_Go.xcdatamodel */ = {isa = PBXFileReference; lastKnownFileType = wrapper.xcdatamodel; path = Go_Pokemon_Go.xcdatamodel; sourceTree = "<group>"; };
		488DE9802464B302004E7E8D /* Assets.xcassets */ = {isa = PBXFileReference; lastKnownFileType = folder.assetcatalog; path = Assets.xcassets; sourceTree = "<group>"; };
		488DE9832464B302004E7E8D /* Base */ = {isa = PBXFileReference; lastKnownFileType = file.storyboard; name = Base; path = Base.lproj/LaunchScreen.storyboard; sourceTree = "<group>"; };
		488DE9852464B302004E7E8D /* Info.plist */ = {isa = PBXFileReference; lastKnownFileType = text.plist.xml; path = Info.plist; sourceTree = "<group>"; };
		488DE98B2464B6A5004E7E8D /* MapViewController.swift */ = {isa = PBXFileReference; lastKnownFileType = sourcecode.swift; path = MapViewController.swift; sourceTree = "<group>"; };
		488DE98D2464B721004E7E8D /* PokedexViewController.swift */ = {isa = PBXFileReference; lastKnownFileType = sourcecode.swift; path = PokedexViewController.swift; sourceTree = "<group>"; };
		488DE98F2464BC90004E7E8D /* Pokemon.JPG */ = {isa = PBXFileReference; lastKnownFileType = image.jpeg; path = Pokemon.JPG; sourceTree = "<group>"; };
		488DE99124658AD6004E7E8D /* CoreDataHelper.swift */ = {isa = PBXFileReference; lastKnownFileType = sourcecode.swift; path = CoreDataHelper.swift; sourceTree = "<group>"; };
		488DE9962465BD28004E7E8D /* PokeAnnotation.swift */ = {isa = PBXFileReference; lastKnownFileType = sourcecode.swift; path = PokeAnnotation.swift; sourceTree = "<group>"; };
/* End PBXFileReference section */

/* Begin PBXFrameworksBuildPhase section */
		488DE96E2464B2FF004E7E8D /* Frameworks */ = {
			isa = PBXFrameworksBuildPhase;
			buildActionMask = 2147483647;
			files = (
			);
			runOnlyForDeploymentPostprocessing = 0;
		};
/* End PBXFrameworksBuildPhase section */

/* Begin PBXGroup section */
		488DE9682464B2FF004E7E8D = {
			isa = PBXGroup;
			children = (
				488DE9732464B2FF004E7E8D /* Go Pokemon Go */,
				488DE9722464B2FF004E7E8D /* Products */,
				488DE98F2464BC90004E7E8D /* Pokemon.JPG */,
			);
			sourceTree = "<group>";
		};
		488DE9722464B2FF004E7E8D /* Products */ = {
			isa = PBXGroup;
			children = (
				488DE9712464B2FF004E7E8D /* Go Pokemon Go.app */,
			);
			name = Products;
			sourceTree = "<group>";
		};
		488DE9732464B2FF004E7E8D /* Go Pokemon Go */ = {
			isa = PBXGroup;
			children = (
				488DE99524658B2E004E7E8D /* Delegates */,
				488DE99324658AE6004E7E8D /* Controllers */,
				488DE99424658AF9004E7E8D /* Views */,
				488DE9982465BD3A004E7E8D /* Helpers */,
				488DE9802464B302004E7E8D /* Assets.xcassets */,
				488DE9852464B302004E7E8D /* Info.plist */,
				488DE97D2464B2FF004E7E8D /* Go_Pokemon_Go.xcdatamodeld */,
			);
			path = "Go Pokemon Go";
			sourceTree = "<group>";
		};
		488DE99324658AE6004E7E8D /* Controllers */ = {
			isa = PBXGroup;
			children = (
				488DE9782464B2FF004E7E8D /* ViewController.swift */,
				488DE98B2464B6A5004E7E8D /* MapViewController.swift */,
				488DE98D2464B721004E7E8D /* PokedexViewController.swift */,
			);
			path = Controllers;
			sourceTree = "<group>";
		};
		488DE99424658AF9004E7E8D /* Views */ = {
			isa = PBXGroup;
			children = (
				488DE97A2464B2FF004E7E8D /* Main.storyboard */,
				488DE9822464B302004E7E8D /* LaunchScreen.storyboard */,
			);
			path = Views;
			sourceTree = "<group>";
		};
		488DE99524658B2E004E7E8D /* Delegates */ = {
			isa = PBXGroup;
			children = (
				488DE9742464B2FF004E7E8D /* AppDelegate.swift */,
				488DE9762464B2FF004E7E8D /* SceneDelegate.swift */,
			);
			path = Delegates;
			sourceTree = "<group>";
		};
		488DE9982465BD3A004E7E8D /* Helpers */ = {
			isa = PBXGroup;
			children = (
				488DE99124658AD6004E7E8D /* CoreDataHelper.swift */,
				488DE9962465BD28004E7E8D /* PokeAnnotation.swift */,
			);
			path = Helpers;
			sourceTree = "<group>";
		};
/* End PBXGroup section */

/* Begin PBXNativeTarget section */
		488DE9702464B2FF004E7E8D /* Go Pokemon Go */ = {
			isa = PBXNativeTarget;
			buildConfigurationList = 488DE9882464B302004E7E8D /* Build configuration list for PBXNativeTarget "Go Pokemon Go" */;
			buildPhases = (
				488DE96D2464B2FF004E7E8D /* Sources */,
				488DE96E2464B2FF004E7E8D /* Frameworks */,
				488DE96F2464B2FF004E7E8D /* Resources */,
			);
			buildRules = (
			);
			dependencies = (
			);
			name = "Go Pokemon Go";
			productName = "Go Pokemon Go";
			productReference = 488DE9712464B2FF004E7E8D /* Go Pokemon Go.app */;
			productType = "com.apple.product-type.application";
		};
/* End PBXNativeTarget section */

/* Begin PBXProject section */
		488DE9692464B2FF004E7E8D /* Project object */ = {
			isa = PBXProject;
			attributes = {
				LastSwiftUpdateCheck = 1130;
				LastUpgradeCheck = 1130;
				ORGANIZATIONNAME = "Emil Vaklinov";
				TargetAttributes = {
					488DE9702464B2FF004E7E8D = {
						CreatedOnToolsVersion = 11.3.1;
					};
				};
			};
			buildConfigurationList = 488DE96C2464B2FF004E7E8D /* Build configuration list for PBXProject "Go Pokemon Go" */;
			compatibilityVersion = "Xcode 9.3";
			developmentRegion = en;
			hasScannedForEncodings = 0;
			knownRegions = (
				en,
				Base,
			);
			mainGroup = 488DE9682464B2FF004E7E8D;
			productRefGroup = 488DE9722464B2FF004E7E8D /* Products */;
			projectDirPath = "";
			projectRoot = "";
			targets = (
				488DE9702464B2FF004E7E8D /* Go Pokemon Go */,
			);
		};
/* End PBXProject section */

/* Begin PBXResourcesBuildPhase section */
		488DE96F2464B2FF004E7E8D /* Resources */ = {
			isa = PBXResourcesBuildPhase;
			buildActionMask = 2147483647;
			files = (
				488DE9842464B302004E7E8D /* LaunchScreen.storyboard in Resources */,
				488DE9812464B302004E7E8D /* Assets.xcassets in Resources */,
				488DE97C2464B2FF004E7E8D /* Main.storyboard in Resources */,
				488DE9902464BC90004E7E8D /* Pokemon.JPG in Resources */,
			);
			runOnlyForDeploymentPostprocessing = 0;
		};
/* End PBXResourcesBuildPhase section */

/* Begin PBXSourcesBuildPhase section */
		488DE96D2464B2FF004E7E8D /* Sources */ = {
			isa = PBXSourcesBuildPhase;
			buildActionMask = 2147483647;
			files = (
				488DE9792464B2FF004E7E8D /* ViewController.swift in Sources */,
				488DE9972465BD28004E7E8D /* PokeAnnotation.swift in Sources */,
				488DE97F2464B2FF004E7E8D /* Go_Pokemon_Go.xcdatamodeld in Sources */,
				488DE9752464B2FF004E7E8D /* AppDelegate.swift in Sources */,
				488DE99224658AD6004E7E8D /* CoreDataHelper.swift in Sources */,
				488DE98E2464B721004E7E8D /* PokedexViewController.swift in Sources */,
				488DE98C2464B6A5004E7E8D /* MapViewController.swift in Sources */,
				488DE9772464B2FF004E7E8D /* SceneDelegate.swift in Sources */,
			);
			runOnlyForDeploymentPostprocessing = 0;
		};
/* End PBXSourcesBuildPhase section */

/* Begin PBXVariantGroup section */
		488DE97A2464B2FF004E7E8D /* Main.storyboard */ = {
			isa = PBXVariantGroup;
			children = (
				488DE97B2464B2FF004E7E8D /* Base */,
			);
			name = Main.storyboard;
			sourceTree = "<group>";
		};
		488DE9822464B302004E7E8D /* LaunchScreen.storyboard */ = {
			isa = PBXVariantGroup;
			children = (
				488DE9832464B302004E7E8D /* Base */,
			);
			name = LaunchScreen.storyboard;
			sourceTree = "<group>";
		};
/* End PBXVariantGroup section */

/* Begin XCBuildConfiguration section */
		488DE9862464B302004E7E8D /* Debug */ = {
			isa = XCBuildConfiguration;
			buildSettings = {
				ALWAYS_SEARCH_USER_PATHS = NO;
				CLANG_ANALYZER_NONNULL = YES;
				CLANG_ANALYZER_NUMBER_OBJECT_CONVERSION = YES_AGGRESSIVE;
				CLANG_CXX_LANGUAGE_STANDARD = "gnu++14";
				CLANG_CXX_LIBRARY = "libc++";
				CLANG_ENABLE_MODULES = YES;
				CLANG_ENABLE_OBJC_ARC = YES;
				CLANG_ENABLE_OBJC_WEAK = YES;
				CLANG_WARN_BLOCK_CAPTURE_AUTORELEASING = YES;
				CLANG_WARN_BOOL_CONVERSION = YES;
				CLANG_WARN_COMMA = YES;
				CLANG_WARN_CONSTANT_CONVERSION = YES;
				CLANG_WARN_DEPRECATED_OBJC_IMPLEMENTATIONS = YES;
				CLANG_WARN_DIRECT_OBJC_ISA_USAGE = YES_ERROR;
				CLANG_WARN_DOCUMENTATION_COMMENTS = YES;
				CLANG_WARN_EMPTY_BODY = YES;
				CLANG_WARN_ENUM_CONVERSION = YES;
				CLANG_WARN_INFINITE_RECURSION = YES;
				CLANG_WARN_INT_CONVERSION = YES;
				CLANG_WARN_NON_LITERAL_NULL_CONVERSION = YES;
				CLANG_WARN_OBJC_IMPLICIT_RETAIN_SELF = YES;
				CLANG_WARN_OBJC_LITERAL_CONVERSION = YES;
				CLANG_WARN_OBJC_ROOT_CLASS = YES_ERROR;
				CLANG_WARN_RANGE_LOOP_ANALYSIS = YES;
				CLANG_WARN_STRICT_PROTOTYPES = YES;
				CLANG_WARN_SUSPICIOUS_MOVE = YES;
				CLANG_WARN_UNGUARDED_AVAILABILITY = YES_AGGRESSIVE;
				CLANG_WARN_UNREACHABLE_CODE = YES;
				CLANG_WARN__DUPLICATE_METHOD_MATCH = YES;
				COPY_PHASE_STRIP = NO;
				DEBUG_INFORMATION_FORMAT = dwarf;
				ENABLE_STRICT_OBJC_MSGSEND = YES;
				ENABLE_TESTABILITY = YES;
				GCC_C_LANGUAGE_STANDARD = gnu11;
				GCC_DYNAMIC_NO_PIC = NO;
				GCC_NO_COMMON_BLOCKS = YES;
				GCC_OPTIMIZATION_LEVEL = 0;
				GCC_PREPROCESSOR_DEFINITIONS = (
					"DEBUG=1",
					"$(inherited)",
				);
				GCC_WARN_64_TO_32_BIT_CONVERSION = YES;
				GCC_WARN_ABOUT_RETURN_TYPE = YES_ERROR;
				GCC_WARN_UNDECLARED_SELECTOR = YES;
				GCC_WARN_UNINITIALIZED_AUTOS = YES_AGGRESSIVE;
				GCC_WARN_UNUSED_FUNCTION = YES;
				GCC_WARN_UNUSED_VARIABLE = YES;
				IPHONEOS_DEPLOYMENT_TARGET = 13.2;
				MTL_ENABLE_DEBUG_INFO = INCLUDE_SOURCE;
				MTL_FAST_MATH = YES;
				ONLY_ACTIVE_ARCH = YES;
				SDKROOT = iphoneos;
				SWIFT_ACTIVE_COMPILATION_CONDITIONS = DEBUG;
				SWIFT_OPTIMIZATION_LEVEL = "-Onone";
			};
			name = Debug;
		};
		488DE9872464B302004E7E8D /* Release */ = {
			isa = XCBuildConfiguration;
			buildSettings = {
				ALWAYS_SEARCH_USER_PATHS = NO;
				CLANG_ANALYZER_NONNULL = YES;
				CLANG_ANALYZER_NUMBER_OBJECT_CONVERSION = YES_AGGRESSIVE;
				CLANG_CXX_LANGUAGE_STANDARD = "gnu++14";
				CLANG_CXX_LIBRARY = "libc++";
				CLANG_ENABLE_MODULES = YES;
				CLANG_ENABLE_OBJC_ARC = YES;
				CLANG_ENABLE_OBJC_WEAK = YES;
				CLANG_WARN_BLOCK_CAPTURE_AUTORELEASING = YES;
				CLANG_WARN_BOOL_CONVERSION = YES;
				CLANG_WARN_COMMA = YES;
				CLANG_WARN_CONSTANT_CONVERSION = YES;
				CLANG_WARN_DEPRECATED_OBJC_IMPLEMENTATIONS = YES;
				CLANG_WARN_DIRECT_OBJC_ISA_USAGE = YES_ERROR;
				CLANG_WARN_DOCUMENTATION_COMMENTS = YES;
				CLANG_WARN_EMPTY_BODY = YES;
				CLANG_WARN_ENUM_CONVERSION = YES;
				CLANG_WARN_INFINITE_RECURSION = YES;
				CLANG_WARN_INT_CONVERSION = YES;
				CLANG_WARN_NON_LITERAL_NULL_CONVERSION = YES;
				CLANG_WARN_OBJC_IMPLICIT_RETAIN_SELF = YES;
				CLANG_WARN_OBJC_LITERAL_CONVERSION = YES;
				CLANG_WARN_OBJC_ROOT_CLASS = YES_ERROR;
				CLANG_WARN_RANGE_LOOP_ANALYSIS = YES;
				CLANG_WARN_STRICT_PROTOTYPES = YES;
				CLANG_WARN_SUSPICIOUS_MOVE = YES;
				CLANG_WARN_UNGUARDED_AVAILABILITY = YES_AGGRESSIVE;
				CLANG_WARN_UNREACHABLE_CODE = YES;
				CLANG_WARN__DUPLICATE_METHOD_MATCH = YES;
				COPY_PHASE_STRIP = NO;
				DEBUG_INFORMATION_FORMAT = "dwarf-with-dsym";
				ENABLE_NS_ASSERTIONS = NO;
				ENABLE_STRICT_OBJC_MSGSEND = YES;
				GCC_C_LANGUAGE_STANDARD = gnu11;
				GCC_NO_COMMON_BLOCKS = YES;
				GCC_WARN_64_TO_32_BIT_CONVERSION = YES;
				GCC_WARN_ABOUT_RETURN_TYPE = YES_ERROR;
				GCC_WARN_UNDECLARED_SELECTOR = YES;
				GCC_WARN_UNINITIALIZED_AUTOS = YES_AGGRESSIVE;
				GCC_WARN_UNUSED_FUNCTION = YES;
				GCC_WARN_UNUSED_VARIABLE = YES;
				IPHONEOS_DEPLOYMENT_TARGET = 13.2;
				MTL_ENABLE_DEBUG_INFO = NO;
				MTL_FAST_MATH = YES;
				SDKROOT = iphoneos;
				SWIFT_COMPILATION_MODE = wholemodule;
				SWIFT_OPTIMIZATION_LEVEL = "-O";
				VALIDATE_PRODUCT = YES;
			};
			name = Release;
		};
		488DE9892464B302004E7E8D /* Debug */ = {
			isa = XCBuildConfiguration;
			buildSettings = {
				ASSETCATALOG_COMPILER_APPICON_NAME = AppIcon;
				CODE_SIGN_STYLE = Automatic;
				INFOPLIST_FILE = "Go Pokemon Go/Info.plist";
				LD_RUNPATH_SEARCH_PATHS = (
					"$(inherited)",
					"@executable_path/Frameworks",
				);
				PRODUCT_BUNDLE_IDENTIFIER = "com.emil.Go-Pokemon-Go";
				PRODUCT_NAME = "$(TARGET_NAME)";
				SWIFT_VERSION = 5.0;
				TARGETED_DEVICE_FAMILY = "1,2";
			};
			name = Debug;
		};
		488DE98A2464B302004E7E8D /* Release */ = {
			isa = XCBuildConfiguration;
			buildSettings = {
				ASSETCATALOG_COMPILER_APPICON_NAME = AppIcon;
				CODE_SIGN_STYLE = Automatic;
				INFOPLIST_FILE = "Go Pokemon Go/Info.plist";
				LD_RUNPATH_SEARCH_PATHS = (
					"$(inherited)",
					"@executable_path/Frameworks",
				);
				PRODUCT_BUNDLE_IDENTIFIER = "com.emil.Go-Pokemon-Go";
				PRODUCT_NAME = "$(TARGET_NAME)";
				SWIFT_VERSION = 5.0;
				TARGETED_DEVICE_FAMILY = "1,2";
			};
			name = Release;
		};
/* End XCBuildConfiguration section */

/* Begin XCConfigurationList section */
		488DE96C2464B2FF004E7E8D /* Build configuration list for PBXProject "Go Pokemon Go" */ = {
			isa = XCConfigurationList;
			buildConfigurations = (
				488DE9862464B302004E7E8D /* Debug */,
				488DE9872464B302004E7E8D /* Release */,
			);
			defaultConfigurationIsVisible = 0;
			defaultConfigurationName = Release;
		};
		488DE9882464B302004E7E8D /* Build configuration list for PBXNativeTarget "Go Pokemon Go" */ = {
			isa = XCConfigurationList;
			buildConfigurations = (
				488DE9892464B302004E7E8D /* Debug */,
				488DE98A2464B302004E7E8D /* Release */,
			);
			defaultConfigurationIsVisible = 0;
			defaultConfigurationName = Release;
		};
/* End XCConfigurationList section */

/* Begin XCVersionGroup section */
		488DE97D2464B2FF004E7E8D /* Go_Pokemon_Go.xcdatamodeld */ = {
			isa = XCVersionGroup;
			children = (
				488DE97E2464B2FF004E7E8D /* Go_Pokemon_Go.xcdatamodel */,
			);
			currentVersion = 488DE97E2464B2FF004E7E8D /* Go_Pokemon_Go.xcdatamodel */;
			path = Go_Pokemon_Go.xcdatamodeld;
			sourceTree = "<group>";
			versionGroupType = wrapper.xcdatamodel;
		};
/* End XCVersionGroup section */
	};
	rootObject = 488DE9692464B2FF004E7E8D /* Project object */;
}
